
Microsoft Visual Studio Solution File, Format Version 12.00
# Visual Studio Version 16
VisualStudioVersion = 16.0.31729.503
MinimumVisualStudioVersion = 10.0.40219.1
Project("{FAE04EC0-301F-11D3-BF4B-00C04F79EFBC}") = "Flight", "Flight\Flight.csproj", "{B0D907C2-BC1E-4465-8EDA-BCC958F1B432}"
EndProject
Global
	GlobalSection(SolutionConfigurationPlatforms) = preSolution
		Debug|Any CPU = Debug|Any CPU
		Release|Any CPU = Release|Any CPU
	EndGlobalSection
	GlobalSection(ProjectConfigurationPlatforms) = postSolution
		{B0D907C2-BC1E-4465-8EDA-BCC958F1B432}.Debug|Any CPU.ActiveCfg = Debug|Any CPU
		{B0D907C2-BC1E-4465-8EDA-BCC958F1B432}.Debug|Any CPU.Build.0 = Debug|Any CPU
		{B0D907C2-BC1E-4465-8EDA-BCC958F1B432}.Release|Any CPU.ActiveCfg = Release|Any CPU
		{B0D907C2-BC1E-4465-8EDA-BCC958F1B432}.Release|Any CPU.Build.0 = Release|Any CPU
	EndGlobalSection
	GlobalSection(SolutionProperties) = preSolution
		HideSolutionNode = FALSE
	EndGlobalSection
	GlobalSection(ExtensibilityGlobals) = postSolution
		SolutionGuid = {C0A4BA54-6011-447E-A5EF-D88DB9773A9F}
	EndGlobalSection
EndGlobal
